{
  "name": "action-cable",
  "version": "1.0.0",
  "lockfileVersion": 3,
  "requires": true,
  "packages": {
    "": {
      "name": "action-cable",
      "version": "1.0.0",
      "dependencies": {
        "@rails/actioncable": "^7.0.5-1",
        "channels": "^0.0.4",
        "fontawesome": "^5.6.3"
      },
      "devDependencies": {
        "prettier": "^2.8.8"
      }
    },
    "node_modules/@rails/actioncable": {
      "version": "7.0.5-1",
      "resolved": "https://registry.npmjs.org/@rails/actioncable/-/actioncable-7.0.5-1.tgz",
      "integrity": "sha512-Dj/VTnMTUfLSqXI1+t7nmDs1wODu08mF8Ct6H4WjRxDjmgCp/OPI5x8WWdm1IEdlQApfcuMX2/UVpttKdJUFpA=="
    },
    "node_modules/channels": {
      "version": "0.0.4",
      "resolved": "https://registry.npmjs.org/channels/-/channels-0.0.4.tgz",
      "integrity": "sha512-4zRxUJ/sN+GmA0NeB1wIBA8xzU6C30FsGkSIWob7OLIQVwMKE/ct9n3RLfq8XiLUpafK5gWg7+HuUVzXMXYqVw=="
    },
    "node_modules/fontawesome": {
      "version": "5.6.3",
      "resolved": "https://registry.npmjs.org/fontawesome/-/fontawesome-5.6.3.tgz",
      "integrity": "sha512-FCc+CawwsJWWprVEg9X14yI7zI+l9YVAyhzgu70qwGeDn0tLLDH/dVfqgij72g4BBGgLGfK2qnvFGAmYUkhaWg=="
    },
    "node_modules/prettier": {
      "version": "2.8.8",
      "resolved": "https://registry.npmjs.org/prettier/-/prettier-2.8.8.tgz",
      "integrity": "sha512-tdN8qQGvNjw4CHbY+XXk0JgCXn9QiF21a55rBe5LJAU+kDyC4WQn4+awm2Xfk2lQMk5fKup9XgzTZtGkjBdP9Q==",
      "dev": true,
      "bin": {
        "prettier": "bin-prettier.js"
      },
      "engines": {
        "node": ">=10.13.0"
      },
      "funding": {
        "url": "https://github.com/prettier/prettier?sponsor=1"
      }
    }
  }
}
